// !$*UTF8*$!
{
	archiveVersion = 1;
	classes = {
	};
	objectVersion = 51;
	objects = {

/* Begin PBXBuildFile section */
		741873A326C195CA5410B551 /* Pods_Mind_Master.framework in Frameworks */ = {isa = PBXBuildFile; fileRef = 31540F38DE69E3C8353969E4 /* Pods_Mind_Master.framework */; };
		CC0F75D02508E882000424AB /* Privacy.md in Resources */ = {isa = PBXBuildFile; fileRef = CC0F75CF2508E882000424AB /* Privacy.md */; };
		CC2AF66C250B6E5A00E4E98D /* ConnectTheDots.swift in Sources */ = {isa = PBXBuildFile; fileRef = CC2AF66B250B6E5A00E4E98D /* ConnectTheDots.swift */; };
		CC2AF66E250B6E7E00E4E98D /* RingView.swift in Sources */ = {isa = PBXBuildFile; fileRef = CC2AF66D250B6E7E00E4E98D /* RingView.swift */; };
		CC30631D25086D48000C5516 /* AboutPage.swift in Sources */ = {isa = PBXBuildFile; fileRef = CC30631C25086D48000C5516 /* AboutPage.swift */; };
		CC5AF698250C5A23000FD4EA /* SegmentedSlider.swift in Sources */ = {isa = PBXBuildFile; fileRef = CC5AF697250C5A23000FD4EA /* SegmentedSlider.swift */; };
		CC5FB2B92375E7C90069AEC1 /* AppDelegate.swift in Sources */ = {isa = PBXBuildFile; fileRef = CC5FB2B82375E7C90069AEC1 /* AppDelegate.swift */; };
		CC5FB2BD2375E7C90069AEC1 /* MainMenu.swift in Sources */ = {isa = PBXBuildFile; fileRef = CC5FB2BC2375E7C90069AEC1 /* MainMenu.swift */; };
		CC5FB2C22375E7CC0069AEC1 /* Assets.xcassets in Resources */ = {isa = PBXBuildFile; fileRef = CC5FB2C12375E7CC0069AEC1 /* Assets.xcassets */; };
		CC5FB2C52375E7CC0069AEC1 /* LaunchScreen.storyboard in Resources */ = {isa = PBXBuildFile; fileRef = CC5FB2C32375E7CC0069AEC1 /* LaunchScreen.storyboard */; };
		CC5FB2CE2375E8160069AEC1 /* ChallengeTypeCell.swift in Sources */ = {isa = PBXBuildFile; fileRef = CC5FB2CD2375E8160069AEC1 /* ChallengeTypeCell.swift */; };
		CC5FB2D02375E8530069AEC1 /* Global Constants.swift in Sources */ = {isa = PBXBuildFile; fileRef = CC5FB2CF2375E8530069AEC1 /* Global Constants.swift */; };
		CC5FB2D22375EBC10069AEC1 /* TintedNavController.swift in Sources */ = {isa = PBXBuildFile; fileRef = CC5FB2D12375EBC10069AEC1 /* TintedNavController.swift */; };
		CC5FB2D52375F6B10069AEC1 /* ReactionTimeChallenge.swift in Sources */ = {isa = PBXBuildFile; fileRef = CC5FB2D42375F6B10069AEC1 /* ReactionTimeChallenge.swift */; };
		CC5FB2DB2376028A0069AEC1 /* NSString+AESCrypt.m in Sources */ = {isa = PBXBuildFile; fileRef = CC5FB2D8237602890069AEC1 /* NSString+AESCrypt.m */; };
		CC5FB2DC2376028A0069AEC1 /* NSData+AESCrypt.m in Sources */ = {isa = PBXBuildFile; fileRef = CC5FB2DA2376028A0069AEC1 /* NSData+AESCrypt.m */; };
		CC5FB2DF237602D20069AEC1 /* PlayerRecord.swift in Sources */ = {isa = PBXBuildFile; fileRef = CC5FB2DE237602D20069AEC1 /* PlayerRecord.swift */; };
		CC5FB2E12376273D0069AEC1 /* MemoryChallenge.swift in Sources */ = {isa = PBXBuildFile; fileRef = CC5FB2E02376273D0069AEC1 /* MemoryChallenge.swift */; };
		CC61754E2653815600C13BC7 /* GraphUserAnswers.swift in Sources */ = {isa = PBXBuildFile; fileRef = CC61754D2653815600C13BC7 /* GraphUserAnswers.swift */; };
		CC6175512653889100C13BC7 /* Connection.swift in Sources */ = {isa = PBXBuildFile; fileRef = CC6175502653889100C13BC7 /* Connection.swift */; };
		CC7195632387D1C80018B6F6 /* ReactionChallengeMenu.swift in Sources */ = {isa = PBXBuildFile; fileRef = CC7195622387D1C80018B6F6 /* ReactionChallengeMenu.swift */; };
		CCA6784A25012AAF006034C0 /* CircleView.swift in Sources */ = {isa = PBXBuildFile; fileRef = CCA6784925012AAF006034C0 /* CircleView.swift */; };
		CCB79375238BB6F700C51AE6 /* README.md in Resources */ = {isa = PBXBuildFile; fileRef = CCB79374238BB6F700C51AE6 /* README.md */; };
		CCB7937D238BBC0200C51AE6 /* Screenshots in Resources */ = {isa = PBXBuildFile; fileRef = CCB7937C238BBC0100C51AE6 /* Screenshots */; };
		CCB7937F238C86DC00C51AE6 /* UserAnswerCell.swift in Sources */ = {isa = PBXBuildFile; fileRef = CCB7937E238C86DC00C51AE6 /* UserAnswerCell.swift */; };
		CCB79381238C92F800C51AE6 /* MemoryUserAnswers.swift in Sources */ = {isa = PBXBuildFile; fileRef = CCB79380238C92F800C51AE6 /* MemoryUserAnswers.swift */; };
		CCE2B273238853BD0092A19F /* GridChallenge.swift in Sources */ = {isa = PBXBuildFile; fileRef = CCE2B272238853BD0092A19F /* GridChallenge.swift */; };
		CCF92C60238897A5002BBE09 /* GridHighScores.swift in Sources */ = {isa = PBXBuildFile; fileRef = CCF92C5F238897A5002BBE09 /* GridHighScores.swift */; };
		CCF92C62238898F8002BBE09 /* GridHighscoreEntry.swift in Sources */ = {isa = PBXBuildFile; fileRef = CCF92C61238898F8002BBE09 /* GridHighscoreEntry.swift */; };
		CCF92C642388B09A002BBE09 /* ColorDodgeChallenge.swift in Sources */ = {isa = PBXBuildFile; fileRef = CCF92C632388B09A002BBE09 /* ColorDodgeChallenge.swift */; };
		CCF92C662388B0B1002BBE09 /* DodgeTrack.swift in Sources */ = {isa = PBXBuildFile; fileRef = CCF92C652388B0B1002BBE09 /* DodgeTrack.swift */; };
		CCF92C6A238909C7002BBE09 /* FallingColor.swift in Sources */ = {isa = PBXBuildFile; fileRef = CCF92C69238909C7002BBE09 /* FallingColor.swift */; };
		CCF92C6C238913BC002BBE09 /* Queue.swift in Sources */ = {isa = PBXBuildFile; fileRef = CCF92C6B238913BC002BBE09 /* Queue.swift */; };
/* End PBXBuildFile section */

/* Begin PBXFileReference section */
		31540F38DE69E3C8353969E4 /* Pods_Mind_Master.framework */ = {isa = PBXFileReference; explicitFileType = wrapper.framework; includeInIndex = 0; path = Pods_Mind_Master.framework; sourceTree = BUILT_PRODUCTS_DIR; };
		CC0F75CF2508E882000424AB /* Privacy.md */ = {isa = PBXFileReference; lastKnownFileType = net.daringfireball.markdown; path = Privacy.md; sourceTree = "<group>"; };
		CC2AF66B250B6E5A00E4E98D /* ConnectTheDots.swift */ = {isa = PBXFileReference; lastKnownFileType = sourcecode.swift; path = ConnectTheDots.swift; sourceTree = "<group>"; };
		CC2AF66D250B6E7E00E4E98D /* RingView.swift */ = {isa = PBXFileReference; lastKnownFileType = sourcecode.swift; path = RingView.swift; sourceTree = "<group>"; };
		CC30631C25086D48000C5516 /* AboutPage.swift */ = {isa = PBXFileReference; lastKnownFileType = sourcecode.swift; path = AboutPage.swift; sourceTree = "<group>"; };
		CC5AF697250C5A23000FD4EA /* SegmentedSlider.swift */ = {isa = PBXFileReference; lastKnownFileType = sourcecode.swift; path = SegmentedSlider.swift; sourceTree = "<group>"; };
		CC5FB2B52375E7C90069AEC1 /* Mind Master.app */ = {isa = PBXFileReference; explicitFileType = wrapper.application; includeInIndex = 0; path = "Mind Master.app"; sourceTree = BUILT_PRODUCTS_DIR; };
		CC5FB2B82375E7C90069AEC1 /* AppDelegate.swift */ = {isa = PBXFileReference; lastKnownFileType = sourcecode.swift; path = AppDelegate.swift; sourceTree = "<group>"; };
		CC5FB2BC2375E7C90069AEC1 /* MainMenu.swift */ = {isa = PBXFileReference; lastKnownFileType = sourcecode.swift; path = MainMenu.swift; sourceTree = "<group>"; };
		CC5FB2C12375E7CC0069AEC1 /* Assets.xcassets */ = {isa = PBXFileReference; lastKnownFileType = folder.assetcatalog; path = Assets.xcassets; sourceTree = "<group>"; };
		CC5FB2C42375E7CC0069AEC1 /* Base */ = {isa = PBXFileReference; lastKnownFileType = file.storyboard; name = Base; path = Base.lproj/LaunchScreen.storyboard; sourceTree = "<group>"; };
		CC5FB2C62375E7CC0069AEC1 /* Info.plist */ = {isa = PBXFileReference; lastKnownFileType = text.plist.xml; path = Info.plist; sourceTree = "<group>"; };
		CC5FB2CD2375E8160069AEC1 /* ChallengeTypeCell.swift */ = {isa = PBXFileReference; lastKnownFileType = sourcecode.swift; path = ChallengeTypeCell.swift; sourceTree = "<group>"; };
		CC5FB2CF2375E8530069AEC1 /* Global Constants.swift */ = {isa = PBXFileReference; lastKnownFileType = sourcecode.swift; path = "Global Constants.swift"; sourceTree = "<group>"; };
		CC5FB2D12375EBC10069AEC1 /* TintedNavController.swift */ = {isa = PBXFileReference; lastKnownFileType = sourcecode.swift; path = TintedNavController.swift; sourceTree = "<group>"; };
		CC5FB2D42375F6B10069AEC1 /* ReactionTimeChallenge.swift */ = {isa = PBXFileReference; lastKnownFileType = sourcecode.swift; path = ReactionTimeChallenge.swift; sourceTree = "<group>"; };
		CC5FB2D6237602890069AEC1 /* Mind Master-Bridging-Header.h */ = {isa = PBXFileReference; lastKnownFileType = sourcecode.c.h; path = "Mind Master-Bridging-Header.h"; sourceTree = "<group>"; };
		CC5FB2D7237602890069AEC1 /* NSData+AESCrypt.h */ = {isa = PBXFileReference; fileEncoding = 4; lastKnownFileType = sourcecode.c.h; path = "NSData+AESCrypt.h"; sourceTree = "<group>"; };
		CC5FB2D8237602890069AEC1 /* NSString+AESCrypt.m */ = {isa = PBXFileReference; fileEncoding = 4; lastKnownFileType = sourcecode.c.objc; path = "NSString+AESCrypt.m"; sourceTree = "<group>"; };
		CC5FB2D92376028A0069AEC1 /* NSString+AESCrypt.h */ = {isa = PBXFileReference; fileEncoding = 4; lastKnownFileType = sourcecode.c.h; path = "NSString+AESCrypt.h"; sourceTree = "<group>"; };
		CC5FB2DA2376028A0069AEC1 /* NSData+AESCrypt.m */ = {isa = PBXFileReference; fileEncoding = 4; lastKnownFileType = sourcecode.c.objc; path = "NSData+AESCrypt.m"; sourceTree = "<group>"; };
		CC5FB2DE237602D20069AEC1 /* PlayerRecord.swift */ = {isa = PBXFileReference; lastKnownFileType = sourcecode.swift; path = PlayerRecord.swift; sourceTree = "<group>"; };
		CC5FB2E02376273D0069AEC1 /* MemoryChallenge.swift */ = {isa = PBXFileReference; lastKnownFileType = sourcecode.swift; path = MemoryChallenge.swift; sourceTree = "<group>"; };
		CC61754D2653815600C13BC7 /* GraphUserAnswers.swift */ = {isa = PBXFileReference; lastKnownFileType = sourcecode.swift; path = GraphUserAnswers.swift; sourceTree = "<group>"; };
		CC6175502653889100C13BC7 /* Connection.swift */ = {isa = PBXFileReference; lastKnownFileType = sourcecode.swift; path = Connection.swift; sourceTree = "<group>"; };
		CC7195622387D1C80018B6F6 /* ReactionChallengeMenu.swift */ = {isa = PBXFileReference; lastKnownFileType = sourcecode.swift; path = ReactionChallengeMenu.swift; sourceTree = "<group>"; };
		CCA6784925012AAF006034C0 /* CircleView.swift */ = {isa = PBXFileReference; lastKnownFileType = sourcecode.swift; path = CircleView.swift; sourceTree = "<group>"; };
		CCB79374238BB6F700C51AE6 /* README.md */ = {isa = PBXFileReference; fileEncoding = 4; lastKnownFileType = net.daringfireball.markdown; path = README.md; sourceTree = "<group>"; };
		CCB7937C238BBC0100C51AE6 /* Screenshots */ = {isa = PBXFileReference; lastKnownFileType = folder; path = Screenshots; sourceTree = "<group>"; };
		CCB7937E238C86DC00C51AE6 /* UserAnswerCell.swift */ = {isa = PBXFileReference; lastKnownFileType = sourcecode.swift; path = UserAnswerCell.swift; sourceTree = "<group>"; };
		CCB79380238C92F800C51AE6 /* MemoryUserAnswers.swift */ = {isa = PBXFileReference; lastKnownFileType = sourcecode.swift; path = MemoryUserAnswers.swift; sourceTree = "<group>"; };
		CCE2B272238853BD0092A19F /* GridChallenge.swift */ = {isa = PBXFileReference; lastKnownFileType = sourcecode.swift; path = GridChallenge.swift; sourceTree = "<group>"; };
		CCF92C5F238897A5002BBE09 /* GridHighScores.swift */ = {isa = PBXFileReference; lastKnownFileType = sourcecode.swift; path = GridHighScores.swift; sourceTree = "<group>"; };
		CCF92C61238898F8002BBE09 /* GridHighscoreEntry.swift */ = {isa = PBXFileReference; lastKnownFileType = sourcecode.swift; path = GridHighscoreEntry.swift; sourceTree = "<group>"; };
		CCF92C632388B09A002BBE09 /* ColorDodgeChallenge.swift */ = {isa = PBXFileReference; lastKnownFileType = sourcecode.swift; path = ColorDodgeChallenge.swift; sourceTree = "<group>"; };
		CCF92C652388B0B1002BBE09 /* DodgeTrack.swift */ = {isa = PBXFileReference; lastKnownFileType = sourcecode.swift; path = DodgeTrack.swift; sourceTree = "<group>"; };
		CCF92C69238909C7002BBE09 /* FallingColor.swift */ = {isa = PBXFileReference; lastKnownFileType = sourcecode.swift; path = FallingColor.swift; sourceTree = "<group>"; };
		CCF92C6B238913BC002BBE09 /* Queue.swift */ = {isa = PBXFileReference; fileEncoding = 4; lastKnownFileType = sourcecode.swift; path = Queue.swift; sourceTree = "<group>"; };
		F032401D1D6315483F2A1196 /* Pods-Mind Master.release.xcconfig */ = {isa = PBXFileReference; includeInIndex = 1; lastKnownFileType = text.xcconfig; name = "Pods-Mind Master.release.xcconfig"; path = "Target Support Files/Pods-Mind Master/Pods-Mind Master.release.xcconfig"; sourceTree = "<group>"; };
		F6CF57ECD88248BDB3B2EFD7 /* Pods-Mind Master.debug.xcconfig */ = {isa = PBXFileReference; includeInIndex = 1; lastKnownFileType = text.xcconfig; name = "Pods-Mind Master.debug.xcconfig"; path = "Target Support Files/Pods-Mind Master/Pods-Mind Master.debug.xcconfig"; sourceTree = "<group>"; };
/* End PBXFileReference section */

/* Begin PBXFrameworksBuildPhase section */
		CC5FB2B22375E7C90069AEC1 /* Frameworks */ = {
			isa = PBXFrameworksBuildPhase;
			buildActionMask = 2147483647;
			files = (
				741873A326C195CA5410B551 /* Pods_Mind_Master.framework in Frameworks */,
			);
			runOnlyForDeploymentPostprocessing = 0;
		};
/* End PBXFrameworksBuildPhase section */

/* Begin PBXGroup section */
		668AC002F285EB248E8AFA67 /* Frameworks */ = {
			isa = PBXGroup;
			children = (
				31540F38DE69E3C8353969E4 /* Pods_Mind_Master.framework */,
			);
			name = Frameworks;
			sourceTree = "<group>";
		};
		8F4AB821A02A2314B0FD2B40 /* Pods */ = {
			isa = PBXGroup;
			children = (
				F6CF57ECD88248BDB3B2EFD7 /* Pods-Mind Master.debug.xcconfig */,
				F032401D1D6315483F2A1196 /* Pods-Mind Master.release.xcconfig */,
			);
			path = Pods;
			sourceTree = "<group>";
		};
		CC2AF66A250B6E3A00E4E98D /* Spatial memory */ = {
			isa = PBXGroup;
			children = (
				CC2AF66B250B6E5A00E4E98D /* ConnectTheDots.swift */,
				CC61754D2653815600C13BC7 /* GraphUserAnswers.swift */,
				CC2AF66D250B6E7E00E4E98D /* RingView.swift */,
				CC6175502653889100C13BC7 /* Connection.swift */,
			);
			path = "Spatial memory";
			sourceTree = "<group>";
		};
		CC5FB2AC2375E7C90069AEC1 = {
			isa = PBXGroup;
			children = (
				CCB79374238BB6F700C51AE6 /* README.md */,
				CC0F75CF2508E882000424AB /* Privacy.md */,
				CCB7937C238BBC0100C51AE6 /* Screenshots */,
				CC5FB2B72375E7C90069AEC1 /* Mind Master */,
				CC5FB2B62375E7C90069AEC1 /* Products */,
				8F4AB821A02A2314B0FD2B40 /* Pods */,
				668AC002F285EB248E8AFA67 /* Frameworks */,
			);
			sourceTree = "<group>";
		};
		CC5FB2B62375E7C90069AEC1 /* Products */ = {
			isa = PBXGroup;
			children = (
				CC5FB2B52375E7C90069AEC1 /* Mind Master.app */,
			);
			name = Products;
			sourceTree = "<group>";
		};
		CC5FB2B72375E7C90069AEC1 /* Mind Master */ = {
			isa = PBXGroup;
			children = (
				CC5FB2B82375E7C90069AEC1 /* AppDelegate.swift */,
				CC5FB2CF2375E8530069AEC1 /* Global Constants.swift */,
				CC5FB2DE237602D20069AEC1 /* PlayerRecord.swift */,
				CC5FB2D12375EBC10069AEC1 /* TintedNavController.swift */,
				CC5FB2BC2375E7C90069AEC1 /* MainMenu.swift */,
				CCF92C6B238913BC002BBE09 /* Queue.swift */,
				CC30631C25086D48000C5516 /* AboutPage.swift */,
				CC5AF697250C5A23000FD4EA /* SegmentedSlider.swift */,
				CC5FB2DD237602900069AEC1 /* Objective-C */,
				CC5FB2D32375F69B0069AEC1 /* Challenges */,
				CC5FB2CC2375E7FD0069AEC1 /* Cells */,
				CC5FB2C12375E7CC0069AEC1 /* Assets.xcassets */,
				CC5FB2C32375E7CC0069AEC1 /* LaunchScreen.storyboard */,
				CC5FB2C62375E7CC0069AEC1 /* Info.plist */,
				CC5FB2D6237602890069AEC1 /* Mind Master-Bridging-Header.h */,
			);
			path = "Mind Master";
			sourceTree = "<group>";
		};
		CC5FB2CC2375E7FD0069AEC1 /* Cells */ = {
			isa = PBXGroup;
			children = (
				CC5FB2CD2375E8160069AEC1 /* ChallengeTypeCell.swift */,
				CCF92C61238898F8002BBE09 /* GridHighscoreEntry.swift */,
				CCB7937E238C86DC00C51AE6 /* UserAnswerCell.swift */,
			);
			path = Cells;
			sourceTree = "<group>";
		};
		CC5FB2D32375F69B0069AEC1 /* Challenges */ = {
			isa = PBXGroup;
			children = (
				CC2AF66A250B6E3A00E4E98D /* Spatial memory */,
				CC7195642387D4A50018B6F6 /* Reaction */,
				CC7195652387D4B00018B6F6 /* Memory */,
			);
			path = Challenges;
			sourceTree = "<group>";
		};
		CC5FB2DD237602900069AEC1 /* Objective-C */ = {
			isa = PBXGroup;
			children = (
				CC5FB2D7237602890069AEC1 /* NSData+AESCrypt.h */,
				CC5FB2DA2376028A0069AEC1 /* NSData+AESCrypt.m */,
				CC5FB2D92376028A0069AEC1 /* NSString+AESCrypt.h */,
				CC5FB2D8237602890069AEC1 /* NSString+AESCrypt.m */,
			);
			path = "Objective-C";
			sourceTree = "<group>";
		};
		CC7195642387D4A50018B6F6 /* Reaction */ = {
			isa = PBXGroup;
			children = (
				CC7195622387D1C80018B6F6 /* ReactionChallengeMenu.swift */,
				CC5FB2D42375F6B10069AEC1 /* ReactionTimeChallenge.swift */,
				CCE2B272238853BD0092A19F /* GridChallenge.swift */,
				CCF92C5F238897A5002BBE09 /* GridHighScores.swift */,
				CCF92C632388B09A002BBE09 /* ColorDodgeChallenge.swift */,
				CCF92C652388B0B1002BBE09 /* DodgeTrack.swift */,
				CCF92C69238909C7002BBE09 /* FallingColor.swift */,
			);
			path = Reaction;
			sourceTree = "<group>";
		};
		CC7195652387D4B00018B6F6 /* Memory */ = {
			isa = PBXGroup;
			children = (
				CC5FB2E02376273D0069AEC1 /* MemoryChallenge.swift */,
				CCA6784925012AAF006034C0 /* CircleView.swift */,
				CCB79380238C92F800C51AE6 /* MemoryUserAnswers.swift */,
			);
			path = Memory;
			sourceTree = "<group>";
		};
/* End PBXGroup section */

/* Begin PBXNativeTarget section */
		CC5FB2B42375E7C90069AEC1 /* Mind Master */ = {
			isa = PBXNativeTarget;
			buildConfigurationList = CC5FB2C92375E7CC0069AEC1 /* Build configuration list for PBXNativeTarget "Mind Master" */;
			buildPhases = (
				750DA4D5CF4609E28088FDCC /* [CP] Check Pods Manifest.lock */,
				CC5FB2B12375E7C90069AEC1 /* Sources */,
				CC5FB2B22375E7C90069AEC1 /* Frameworks */,
				CC5FB2B32375E7C90069AEC1 /* Resources */,
				CE5DA24127B8F32CF38D6F9F /* [CP] Embed Pods Frameworks */,
			);
			buildRules = (
			);
			dependencies = (
			);
			name = "Mind Master";
			productName = "Mind Master";
			productReference = CC5FB2B52375E7C90069AEC1 /* Mind Master.app */;
			productType = "com.apple.product-type.application";
		};
/* End PBXNativeTarget section */

/* Begin PBXProject section */
		CC5FB2AD2375E7C90069AEC1 /* Project object */ = {
			isa = PBXProject;
			attributes = {
				LastSwiftUpdateCheck = 1100;
				LastUpgradeCheck = 1100;
				ORGANIZATIONNAME = "Calpha Dev";
				TargetAttributes = {
					CC5FB2B42375E7C90069AEC1 = {
						CreatedOnToolsVersion = 11.0;
						LastSwiftMigration = 1100;
					};
				};
			};
			buildConfigurationList = CC5FB2B02375E7C90069AEC1 /* Build configuration list for PBXProject "Mind Master" */;
			compatibilityVersion = "Xcode 9.3";
			developmentRegion = en;
			hasScannedForEncodings = 0;
			knownRegions = (
				en,
				Base,
			);
			mainGroup = CC5FB2AC2375E7C90069AEC1;
			productRefGroup = CC5FB2B62375E7C90069AEC1 /* Products */;
			projectDirPath = "";
			projectRoot = "";
			targets = (
				CC5FB2B42375E7C90069AEC1 /* Mind Master */,
			);
		};
/* End PBXProject section */

/* Begin PBXResourcesBuildPhase section */
		CC5FB2B32375E7C90069AEC1 /* Resources */ = {
			isa = PBXResourcesBuildPhase;
			buildActionMask = 2147483647;
			files = (
				CCB79375238BB6F700C51AE6 /* README.md in Resources */,
				CC0F75D02508E882000424AB /* Privacy.md in Resources */,
				CC5FB2C52375E7CC0069AEC1 /* LaunchScreen.storyboard in Resources */,
				CC5FB2C22375E7CC0069AEC1 /* Assets.xcassets in Resources */,
				CCB7937D238BBC0200C51AE6 /* Screenshots in Resources */,
			);
			runOnlyForDeploymentPostprocessing = 0;
		};
/* End PBXResourcesBuildPhase section */

/* Begin PBXShellScriptBuildPhase section */
		750DA4D5CF4609E28088FDCC /* [CP] Check Pods Manifest.lock */ = {
			isa = PBXShellScriptBuildPhase;
			buildActionMask = 2147483647;
			files = (
			);
			inputFileListPaths = (
			);
			inputPaths = (
				"${PODS_PODFILE_DIR_PATH}/Podfile.lock",
				"${PODS_ROOT}/Manifest.lock",
			);
			name = "[CP] Check Pods Manifest.lock";
			outputFileListPaths = (
			);
			outputPaths = (
				"$(DERIVED_FILE_DIR)/Pods-Mind Master-checkManifestLockResult.txt",
			);
			runOnlyForDeploymentPostprocessing = 0;
			shellPath = /bin/sh;
			shellScript = "diff \"${PODS_PODFILE_DIR_PATH}/Podfile.lock\" \"${PODS_ROOT}/Manifest.lock\" > /dev/null\nif [ $? != 0 ] ; then\n    # print error to STDERR\n    echo \"error: The sandbox is not in sync with the Podfile.lock. Run 'pod install' or update your CocoaPods installation.\" >&2\n    exit 1\nfi\n# This output is used by Xcode 'outputs' to avoid re-running this script phase.\necho \"SUCCESS\" > \"${SCRIPT_OUTPUT_FILE_0}\"\n";
			showEnvVarsInLog = 0;
		};
		CE5DA24127B8F32CF38D6F9F /* [CP] Embed Pods Frameworks */ = {
			isa = PBXShellScriptBuildPhase;
			buildActionMask = 2147483647;
			files = (
			);
			inputFileListPaths = (
				"${PODS_ROOT}/Target Support Files/Pods-Mind Master/Pods-Mind Master-frameworks-${CONFIGURATION}-input-files.xcfilelist",
			);
			name = "[CP] Embed Pods Frameworks";
			outputFileListPaths = (
				"${PODS_ROOT}/Target Support Files/Pods-Mind Master/Pods-Mind Master-frameworks-${CONFIGURATION}-output-files.xcfilelist",
			);
			runOnlyForDeploymentPostprocessing = 0;
			shellPath = /bin/sh;
			shellScript = "\"${PODS_ROOT}/Target Support Files/Pods-Mind Master/Pods-Mind Master-frameworks.sh\"\n";
			showEnvVarsInLog = 0;
		};
/* End PBXShellScriptBuildPhase section */

/* Begin PBXSourcesBuildPhase section */
		CC5FB2B12375E7C90069AEC1 /* Sources */ = {
			isa = PBXSourcesBuildPhase;
			buildActionMask = 2147483647;
			files = (
				CC5FB2DF237602D20069AEC1 /* PlayerRecord.swift in Sources */,
				CCB79381238C92F800C51AE6 /* MemoryUserAnswers.swift in Sources */,
				CC5FB2BD2375E7C90069AEC1 /* MainMenu.swift in Sources */,
				CC7195632387D1C80018B6F6 /* ReactionChallengeMenu.swift in Sources */,
				CCF92C662388B0B1002BBE09 /* DodgeTrack.swift in Sources */,
				CCE2B273238853BD0092A19F /* GridChallenge.swift in Sources */,
				CC5FB2B92375E7C90069AEC1 /* AppDelegate.swift in Sources */,
				CC5FB2CE2375E8160069AEC1 /* ChallengeTypeCell.swift in Sources */,
				CCF92C6C238913BC002BBE09 /* Queue.swift in Sources */,
				CC5FB2D22375EBC10069AEC1 /* TintedNavController.swift in Sources */,
				CC30631D25086D48000C5516 /* AboutPage.swift in Sources */,
				CCF92C62238898F8002BBE09 /* GridHighscoreEntry.swift in Sources */,
				CC2AF66E250B6E7E00E4E98D /* RingView.swift in Sources */,
				CC61754E2653815600C13BC7 /* GraphUserAnswers.swift in Sources */,
				CC5FB2D02375E8530069AEC1 /* Global Constants.swift in Sources */,
				CCA6784A25012AAF006034C0 /* CircleView.swift in Sources */,
				CCB7937F238C86DC00C51AE6 /* UserAnswerCell.swift in Sources */,
				CC5FB2E12376273D0069AEC1 /* MemoryChallenge.swift in Sources */,
				CC5FB2DC2376028A0069AEC1 /* NSData+AESCrypt.m in Sources */,
				CC6175512653889100C13BC7 /* Connection.swift in Sources */,
				CCF92C6A238909C7002BBE09 /* FallingColor.swift in Sources */,
				CC5FB2D52375F6B10069AEC1 /* ReactionTimeChallenge.swift in Sources */,
				CC5FB2DB2376028A0069AEC1 /* NSString+AESCrypt.m in Sources */,
				CC5AF698250C5A23000FD4EA /* SegmentedSlider.swift in Sources */,
				CCF92C60238897A5002BBE09 /* GridHighScores.swift in Sources */,
				CC2AF66C250B6E5A00E4E98D /* ConnectTheDots.swift in Sources */,
				CCF92C642388B09A002BBE09 /* ColorDodgeChallenge.swift in Sources */,
			);
			runOnlyForDeploymentPostprocessing = 0;
		};
/* End PBXSourcesBuildPhase section */

/* Begin PBXVariantGroup section */
		CC5FB2C32375E7CC0069AEC1 /* LaunchScreen.storyboard */ = {
			isa = PBXVariantGroup;
			children = (
				CC5FB2C42375E7CC0069AEC1 /* Base */,
			);
			name = LaunchScreen.storyboard;
			sourceTree = "<group>";
		};
/* End PBXVariantGroup section */

/* Begin XCBuildConfiguration section */
		CC5FB2C72375E7CC0069AEC1 /* Debug */ = {
			isa = XCBuildConfiguration;
			buildSettings = {
				ALWAYS_SEARCH_USER_PATHS = NO;
				CLANG_ANALYZER_NONNULL = YES;
				CLANG_ANALYZER_NUMBER_OBJECT_CONVERSION = YES_AGGRESSIVE;
				CLANG_CXX_LANGUAGE_STANDARD = "gnu++14";
				CLANG_CXX_LIBRARY = "libc++";
				CLANG_ENABLE_MODULES = YES;
				CLANG_ENABLE_OBJC_ARC = YES;
				CLANG_ENABLE_OBJC_WEAK = YES;
				CLANG_WARN_BLOCK_CAPTURE_AUTORELEASING = YES;
				CLANG_WARN_BOOL_CONVERSION = YES;
				CLANG_WARN_COMMA = YES;
				CLANG_WARN_CONSTANT_CONVERSION = YES;
				CLANG_WARN_DEPRECATED_OBJC_IMPLEMENTATIONS = YES;
				CLANG_WARN_DIRECT_OBJC_ISA_USAGE = YES_ERROR;
				CLANG_WARN_DOCUMENTATION_COMMENTS = YES;
				CLANG_WARN_EMPTY_BODY = YES;
				CLANG_WARN_ENUM_CONVERSION = YES;
				CLANG_WARN_INFINITE_RECURSION = YES;
				CLANG_WARN_INT_CONVERSION = YES;
				CLANG_WARN_NON_LITERAL_NULL_CONVERSION = YES;
				CLANG_WARN_OBJC_IMPLICIT_RETAIN_SELF = YES;
				CLANG_WARN_OBJC_LITERAL_CONVERSION = YES;
				CLANG_WARN_OBJC_ROOT_CLASS = YES_ERROR;
				CLANG_WARN_RANGE_LOOP_ANALYSIS = YES;
				CLANG_WARN_STRICT_PROTOTYPES = YES;
				CLANG_WARN_SUSPICIOUS_MOVE = YES;
				CLANG_WARN_UNGUARDED_AVAILABILITY = YES_AGGRESSIVE;
				CLANG_WARN_UNREACHABLE_CODE = YES;
				CLANG_WARN__DUPLICATE_METHOD_MATCH = YES;
				COPY_PHASE_STRIP = NO;
				DEBUG_INFORMATION_FORMAT = dwarf;
				ENABLE_STRICT_OBJC_MSGSEND = YES;
				ENABLE_TESTABILITY = YES;
				GCC_C_LANGUAGE_STANDARD = gnu11;
				GCC_DYNAMIC_NO_PIC = NO;
				GCC_NO_COMMON_BLOCKS = YES;
				GCC_OPTIMIZATION_LEVEL = 0;
				GCC_PREPROCESSOR_DEFINITIONS = (
					"DEBUG=1",
					"$(inherited)",
				);
				GCC_WARN_64_TO_32_BIT_CONVERSION = YES;
				GCC_WARN_ABOUT_RETURN_TYPE = YES_ERROR;
				GCC_WARN_UNDECLARED_SELECTOR = YES;
				GCC_WARN_UNINITIALIZED_AUTOS = YES_AGGRESSIVE;
				GCC_WARN_UNUSED_FUNCTION = YES;
				GCC_WARN_UNUSED_VARIABLE = YES;
				IPHONEOS_DEPLOYMENT_TARGET = 11.0;
				MTL_ENABLE_DEBUG_INFO = INCLUDE_SOURCE;
				MTL_FAST_MATH = YES;
				ONLY_ACTIVE_ARCH = YES;
				SDKROOT = iphoneos;
				SWIFT_ACTIVE_COMPILATION_CONDITIONS = DEBUG;
				SWIFT_OPTIMIZATION_LEVEL = "-Onone";
			};
			name = Debug;
		};
		CC5FB2C82375E7CC0069AEC1 /* Release */ = {
			isa = XCBuildConfiguration;
			buildSettings = {
				ALWAYS_SEARCH_USER_PATHS = NO;
				CLANG_ANALYZER_NONNULL = YES;
				CLANG_ANALYZER_NUMBER_OBJECT_CONVERSION = YES_AGGRESSIVE;
				CLANG_CXX_LANGUAGE_STANDARD = "gnu++14";
				CLANG_CXX_LIBRARY = "libc++";
				CLANG_ENABLE_MODULES = YES;
				CLANG_ENABLE_OBJC_ARC = YES;
				CLANG_ENABLE_OBJC_WEAK = YES;
				CLANG_WARN_BLOCK_CAPTURE_AUTORELEASING = YES;
				CLANG_WARN_BOOL_CONVERSION = YES;
				CLANG_WARN_COMMA = YES;
				CLANG_WARN_CONSTANT_CONVERSION = YES;
				CLANG_WARN_DEPRECATED_OBJC_IMPLEMENTATIONS = YES;
				CLANG_WARN_DIRECT_OBJC_ISA_USAGE = YES_ERROR;
				CLANG_WARN_DOCUMENTATION_COMMENTS = YES;
				CLANG_WARN_EMPTY_BODY = YES;
				CLANG_WARN_ENUM_CONVERSION = YES;
				CLANG_WARN_INFINITE_RECURSION = YES;
				CLANG_WARN_INT_CONVERSION = YES;
				CLANG_WARN_NON_LITERAL_NULL_CONVERSION = YES;
				CLANG_WARN_OBJC_IMPLICIT_RETAIN_SELF = YES;
				CLANG_WARN_OBJC_LITERAL_CONVERSION = YES;
				CLANG_WARN_OBJC_ROOT_CLASS = YES_ERROR;
				CLANG_WARN_RANGE_LOOP_ANALYSIS = YES;
				CLANG_WARN_STRICT_PROTOTYPES = YES;
				CLANG_WARN_SUSPICIOUS_MOVE = YES;
				CLANG_WARN_UNGUARDED_AVAILABILITY = YES_AGGRESSIVE;
				CLANG_WARN_UNREACHABLE_CODE = YES;
				CLANG_WARN__DUPLICATE_METHOD_MATCH = YES;
				COPY_PHASE_STRIP = NO;
				DEBUG_INFORMATION_FORMAT = "dwarf-with-dsym";
				ENABLE_NS_ASSERTIONS = NO;
				ENABLE_STRICT_OBJC_MSGSEND = YES;
				GCC_C_LANGUAGE_STANDARD = gnu11;
				GCC_NO_COMMON_BLOCKS = YES;
				GCC_WARN_64_TO_32_BIT_CONVERSION = YES;
				GCC_WARN_ABOUT_RETURN_TYPE = YES_ERROR;
				GCC_WARN_UNDECLARED_SELECTOR = YES;
				GCC_WARN_UNINITIALIZED_AUTOS = YES_AGGRESSIVE;
				GCC_WARN_UNUSED_FUNCTION = YES;
				GCC_WARN_UNUSED_VARIABLE = YES;
				IPHONEOS_DEPLOYMENT_TARGET = 11.0;
				MTL_ENABLE_DEBUG_INFO = NO;
				MTL_FAST_MATH = YES;
				SDKROOT = iphoneos;
				SWIFT_COMPILATION_MODE = wholemodule;
				SWIFT_OPTIMIZATION_LEVEL = "-O";
				VALIDATE_PRODUCT = YES;
			};
			name = Release;
		};
		CC5FB2CA2375E7CC0069AEC1 /* Debug */ = {
			isa = XCBuildConfiguration;
			baseConfigurationReference = F6CF57ECD88248BDB3B2EFD7 /* Pods-Mind Master.debug.xcconfig */;
			buildSettings = {
				ASSETCATALOG_COMPILER_APPICON_NAME = AppIcon;
				CLANG_ENABLE_MODULES = YES;
				CODE_SIGN_STYLE = Automatic;
				CURRENT_PROJECT_VERSION = 3;
				DEVELOPMENT_TEAM = US8T2D45H8;
				INFOPLIST_FILE = "Mind Master/Info.plist";
				LD_RUNPATH_SEARCH_PATHS = (
					"$(inherited)",
					"@executable_path/Frameworks",
				);
				MARKETING_VERSION = 1.0.0;
				PRODUCT_BUNDLE_IDENTIFIER = "com.themoon2000.mind-master";
				PRODUCT_NAME = "$(TARGET_NAME)";
				SWIFT_OBJC_BRIDGING_HEADER = "Mind Master/Mind Master-Bridging-Header.h";
				SWIFT_OPTIMIZATION_LEVEL = "-Onone";
				SWIFT_VERSION = 5.0;
				TARGETED_DEVICE_FAMILY = "1,2";
			};
			name = Debug;
		};
		CC5FB2CB2375E7CC0069AEC1 /* Release */ = {
			isa = XCBuildConfiguration;
			baseConfigurationReference = F032401D1D6315483F2A1196 /* Pods-Mind Master.release.xcconfig */;
			buildSettings = {
				ASSETCATALOG_COMPILER_APPICON_NAME = AppIcon;
				CLANG_ENABLE_MODULES = YES;
				CODE_SIGN_STYLE = Automatic;
				CURRENT_PROJECT_VERSION = 3;
				DEVELOPMENT_TEAM = US8T2D45H8;
				INFOPLIST_FILE = "Mind Master/Info.plist";
				LD_RUNPATH_SEARCH_PATHS = (
					"$(inherited)",
					"@executable_path/Frameworks",
				);
				MARKETING_VERSION = 1.0.0;
				PRODUCT_BUNDLE_IDENTIFIER = "com.themoon2000.mind-master";
				PRODUCT_NAME = "$(TARGET_NAME)";
				SWIFT_OBJC_BRIDGING_HEADER = "Mind Master/Mind Master-Bridging-Header.h";
				SWIFT_VERSION = 5.0;
				TARGETED_DEVICE_FAMILY = "1,2";
			};
			name = Release;
		};
/* End XCBuildConfiguration section */

/* Begin XCConfigurationList section */
		CC5FB2B02375E7C90069AEC1 /* Build configuration list for PBXProject "Mind Master" */ = {
			isa = XCConfigurationList;
			buildConfigurations = (
				CC5FB2C72375E7CC0069AEC1 /* Debug */,
				CC5FB2C82375E7CC0069AEC1 /* Release */,
			);
			defaultConfigurationIsVisible = 0;
			defaultConfigurationName = Release;
		};
		CC5FB2C92375E7CC0069AEC1 /* Build configuration list for PBXNativeTarget "Mind Master" */ = {
			isa = XCConfigurationList;
			buildConfigurations = (
				CC5FB2CA2375E7CC0069AEC1 /* Debug */,
				CC5FB2CB2375E7CC0069AEC1 /* Release */,
			);
			defaultConfigurationIsVisible = 0;
			defaultConfigurationName = Release;
		};
/* End XCConfigurationList section */
	};
	rootObject = CC5FB2AD2375E7C90069AEC1 /* Project object */;
}
